
Microsoft Visual Studio Solution File, Format Version 12.00
# Visual Studio Version 16
VisualStudioVersion = 16.0.30503.244
MinimumVisualStudioVersion = 10.0.40219.1
Project("{888888A0-9F3D-457C-B088-3A5042F75D52}") = "FlaskWebProject1", "FlaskWebProject1\FlaskWebProject1.pyproj", "{18B7C7ED-19B3-42F2-B930-515485CB2F29}"
EndProject
Global
	GlobalSection(SolutionConfigurationPlatforms) = preSolution
		Debug|Any CPU = Debug|Any CPU
		Release|Any CPU = Release|Any CPU
	EndGlobalSection
	GlobalSection(ProjectConfigurationPlatforms) = postSolution
		{18B7C7ED-19B3-42F2-B930-515485CB2F29}.Debug|Any CPU.ActiveCfg = Debug|Any CPU
		{18B7C7ED-19B3-42F2-B930-515485CB2F29}.Debug|Any CPU.Build.0 = Debug|Any CPU
		{18B7C7ED-19B3-42F2-B930-515485CB2F29}.Release|Any CPU.ActiveCfg = Release|Any CPU
		{18B7C7ED-19B3-42F2-B930-515485CB2F29}.Release|Any CPU.Build.0 = Release|Any CPU
	EndGlobalSection
	GlobalSection(SolutionProperties) = preSolution
		HideSolutionNode = FALSE
	EndGlobalSection
	GlobalSection(ExtensibilityGlobals) = postSolution
		SolutionGuid = {A47B13F5-1B6C-4202-B327-DFBF91740174}
	EndGlobalSection
EndGlobal
